# THIS IS AN AUTOGENERATED FILE. DO NOT EDIT THIS FILE DIRECTLY.
# yarn lockfile v1


p2-es@^1.1.8:
  version "1.1.8"
  resolved "https://registry.yarnpkg.com/p2-es/-/p2-es-1.1.8.tgz#0a5d3d5a7d1945b38f083cfbc5bc074c927f32b9"
  integrity sha512-K7ecscAsmdAU7sqQNYhZIFVgrS5jtizLOG1js3p7p5I8zxXjNSf7mPfUQKsQkgEanUMLmpAWgpH8O8kw0nRoUw==
  dependencies:
    poly-decomp-es "0.4.1"

p2@^0.7.1:
  version "0.7.1"
  resolved "https://registry.yarnpkg.com/p2/-/p2-0.7.1.tgz#25f2474d9bc3a6d3140a1da26a67c9e118ac9543"
  integrity sha512-wJxG87tHPlAO1iwGettkiU4ptoytQDoJSeP+PV8aZVT//ZHlD2H2uMtIPnQG8MXAaGR9OI1o1pqBV1g/fpNgNw==
  dependencies:
    poly-decomp "0.1.1"

poly-decomp-es@0.4.1:
  version "0.4.1"
  resolved "https://registry.yarnpkg.com/poly-decomp-es/-/poly-decomp-es-0.4.1.tgz#523e81338ab7e16b2f5648315ddb5a4370e00109"
  integrity sha512-ClJK/YGQ3A2xCQ1YkxCM5KvHtwplZ9LHHoPlJMJ/+O3EnF7OSq9OcqsOfMilgIjZiFpccBobpb4nnDlEKdg+ig==

poly-decomp@0.1.1:
  version "0.1.1"
  resolved "https://registry.yarnpkg.com/poly-decomp/-/poly-decomp-0.1.1.tgz#9f68c4fa558663791c9ba4c2df7283f3096c23c9"
  integrity sha512-clSDtuC48FR2PL2z/+VIRhfnxC7776GlJgDNAh1ZIqYOiaGqrINB+xGIWQypLgpz6Z/Ht/w7rTFEGFRNuSPOuA==
